Microsoft Visual Studio Solution File, Format Version 12.00
# Visual Studio 16
Project("{2150E333-8FDC-42A3-9474-1A3956D46DE8}") = "CMakePredefinedTargets", "CMakePredefinedTargets", "{1FF0BD47-CAC7-33B4-A0AB-865D7110D10D}"
EndProject
Project("{2150E333-8FDC-42A3-9474-1A3956D46DE8}") = "external", "external", "{9BAF811F-60F5-34DD-966E-285AE8FDB58E}"
EndProject
Project("{8BC9CEB8-8B4A-11D0-8D11-00A0C91BC942}") = "ALL_BUILD", "ALL_BUILD.vcxproj", "{E8645F98-5321-3E3E-A81A-C972912C0062}"
	ProjectSection(ProjectDependencies) = postProject
		{04CD0F7C-000C-30D4-B1E9-60E72322A1EE} = {04CD0F7C-000C-30D4-B1E9-60E72322A1EE}
		{EED629E2-0828-3BFD-BB91-5FB0C2152B66} = {EED629E2-0828-3BFD-BB91-5FB0C2152B66}
		{9BA61286-D3EF-32E4-B97F-79425C62D9CE} = {9BA61286-D3EF-32E4-B97F-79425C62D9CE}
		{D97CB684-F6CD-3967-A279-86F7ACD29843} = {D97CB684-F6CD-3967-A279-86F7ACD29843}
		{762C62BD-A5FA-3B0B-ADCF-561472DD9275} = {762C62BD-A5FA-3B0B-ADCF-561472DD9275}
	EndProjectSection
EndProject
Project("{8BC9CEB8-8B4A-11D0-8D11-00A0C91BC942}") = "ZERO_CHECK", "ZERO_CHECK.vcxproj", "{04CD0F7C-000C-30D4-B1E9-60E72322A1EE}"
	ProjectSection(ProjectDependencies) = postProject
	EndProjectSection
EndProject
Project("{8BC9CEB8-8B4A-11D0-8D11-00A0C91BC942}") = "imgui", "labhelper\imgui\imgui.vcxproj", "{EED629E2-0828-3BFD-BB91-5FB0C2152B66}"
	ProjectSection(ProjectDependencies) = postProject
		{04CD0F7C-000C-30D4-B1E9-60E72322A1EE} = {04CD0F7C-000C-30D4-B1E9-60E72322A1EE}
	EndProjectSection
EndProject
Project("{8BC9CEB8-8B4A-11D0-8D11-00A0C91BC942}") = "labhelper", "labhelper\labhelper.vcxproj", "{9BA61286-D3EF-32E4-B97F-79425C62D9CE}"
	ProjectSection(ProjectDependencies) = postProject
		{04CD0F7C-000C-30D4-B1E9-60E72322A1EE} = {04CD0F7C-000C-30D4-B1E9-60E72322A1EE}
		{EED629E2-0828-3BFD-BB91-5FB0C2152B66} = {EED629E2-0828-3BFD-BB91-5FB0C2152B66}
	EndProjectSection
EndProject
Project("{8BC9CEB8-8B4A-11D0-8D11-00A0C91BC942}") = "pathtracer", "pathtracer\pathtracer.vcxproj", "{D97CB684-F6CD-3967-A279-86F7ACD29843}"
	ProjectSection(ProjectDependencies) = postProject
		{04CD0F7C-000C-30D4-B1E9-60E72322A1EE} = {04CD0F7C-000C-30D4-B1E9-60E72322A1EE}
		{EED629E2-0828-3BFD-BB91-5FB0C2152B66} = {EED629E2-0828-3BFD-BB91-5FB0C2152B66}
		{9BA61286-D3EF-32E4-B97F-79425C62D9CE} = {9BA61286-D3EF-32E4-B97F-79425C62D9CE}
	EndProjectSection
EndProject
Project("{8BC9CEB8-8B4A-11D0-8D11-00A0C91BC942}") = "project", "project\project.vcxproj", "{762C62BD-A5FA-3B0B-ADCF-561472DD9275}"
	ProjectSection(ProjectDependencies) = postProject
		{04CD0F7C-000C-30D4-B1E9-60E72322A1EE} = {04CD0F7C-000C-30D4-B1E9-60E72322A1EE}
		{EED629E2-0828-3BFD-BB91-5FB0C2152B66} = {EED629E2-0828-3BFD-BB91-5FB0C2152B66}
		{9BA61286-D3EF-32E4-B97F-79425C62D9CE} = {9BA61286-D3EF-32E4-B97F-79425C62D9CE}
	EndProjectSection
EndProject
Global
	GlobalSection(SolutionConfigurationPlatforms) = preSolution
		Debug|x64 = Debug|x64
		Release|x64 = Release|x64
		RelWithDebInfo|x64 = RelWithDebInfo|x64
	EndGlobalSection
	GlobalSection(ProjectConfigurationPlatforms) = postSolution
		{E8645F98-5321-3E3E-A81A-C972912C0062}.Debug|x64.ActiveCfg = Debug|x64
		{E8645F98-5321-3E3E-A81A-C972912C0062}.Release|x64.ActiveCfg = Release|x64
		{E8645F98-5321-3E3E-A81A-C972912C0062}.RelWithDebInfo|x64.ActiveCfg = RelWithDebInfo|x64
		{04CD0F7C-000C-30D4-B1E9-60E72322A1EE}.Debug|x64.ActiveCfg = Debug|x64
		{04CD0F7C-000C-30D4-B1E9-60E72322A1EE}.Debug|x64.Build.0 = Debug|x64
		{04CD0F7C-000C-30D4-B1E9-60E72322A1EE}.Release|x64.ActiveCfg = Release|x64
		{04CD0F7C-000C-30D4-B1E9-60E72322A1EE}.Release|x64.Build.0 = Release|x64
		{04CD0F7C-000C-30D4-B1E9-60E72322A1EE}.RelWithDebInfo|x64.ActiveCfg = RelWithDebInfo|x64
		{04CD0F7C-000C-30D4-B1E9-60E72322A1EE}.RelWithDebInfo|x64.Build.0 = RelWithDebInfo|x64
		{EED629E2-0828-3BFD-BB91-5FB0C2152B66}.Debug|x64.ActiveCfg = Debug|x64
		{EED629E2-0828-3BFD-BB91-5FB0C2152B66}.Debug|x64.Build.0 = Debug|x64
		{EED629E2-0828-3BFD-BB91-5FB0C2152B66}.Release|x64.ActiveCfg = Release|x64
		{EED629E2-0828-3BFD-BB91-5FB0C2152B66}.Release|x64.Build.0 = Release|x64
		{EED629E2-0828-3BFD-BB91-5FB0C2152B66}.RelWithDebInfo|x64.ActiveCfg = RelWithDebInfo|x64
		{EED629E2-0828-3BFD-BB91-5FB0C2152B66}.RelWithDebInfo|x64.Build.0 = RelWithDebInfo|x64
		{9BA61286-D3EF-32E4-B97F-79425C62D9CE}.Debug|x64.ActiveCfg = Debug|x64
		{9BA61286-D3EF-32E4-B97F-79425C62D9CE}.Debug|x64.Build.0 = Debug|x64
		{9BA61286-D3EF-32E4-B97F-79425C62D9CE}.Release|x64.ActiveCfg = Release|x64
		{9BA61286-D3EF-32E4-B97F-79425C62D9CE}.Release|x64.Build.0 = Release|x64
		{9BA61286-D3EF-32E4-B97F-79425C62D9CE}.RelWithDebInfo|x64.ActiveCfg = RelWithDebInfo|x64
		{9BA61286-D3EF-32E4-B97F-79425C62D9CE}.RelWithDebInfo|x64.Build.0 = RelWithDebInfo|x64
		{D97CB684-F6CD-3967-A279-86F7ACD29843}.Debug|x64.ActiveCfg = Debug|x64
		{D97CB684-F6CD-3967-A279-86F7ACD29843}.Debug|x64.Build.0 = Debug|x64
		{D97CB684-F6CD-3967-A279-86F7ACD29843}.Release|x64.ActiveCfg = Release|x64
		{D97CB684-F6CD-3967-A279-86F7ACD29843}.Release|x64.Build.0 = Release|x64
		{D97CB684-F6CD-3967-A279-86F7ACD29843}.RelWithDebInfo|x64.ActiveCfg = RelWithDebInfo|x64
		{D97CB684-F6CD-3967-A279-86F7ACD29843}.RelWithDebInfo|x64.Build.0 = RelWithDebInfo|x64
		{762C62BD-A5FA-3B0B-ADCF-561472DD9275}.Debug|x64.ActiveCfg = Debug|x64
		{762C62BD-A5FA-3B0B-ADCF-561472DD9275}.Debug|x64.Build.0 = Debug|x64
		{762C62BD-A5FA-3B0B-ADCF-561472DD9275}.Release|x64.ActiveCfg = Release|x64
		{762C62BD-A5FA-3B0B-ADCF-561472DD9275}.Release|x64.Build.0 = Release|x64
		{762C62BD-A5FA-3B0B-ADCF-561472DD9275}.RelWithDebInfo|x64.ActiveCfg = RelWithDebInfo|x64
		{762C62BD-A5FA-3B0B-ADCF-561472DD9275}.RelWithDebInfo|x64.Build.0 = RelWithDebInfo|x64
	EndGlobalSection
	GlobalSection(NestedProjects) = preSolution
		{E8645F98-5321-3E3E-A81A-C972912C0062} = {1FF0BD47-CAC7-33B4-A0AB-865D7110D10D}
		{04CD0F7C-000C-30D4-B1E9-60E72322A1EE} = {1FF0BD47-CAC7-33B4-A0AB-865D7110D10D}
		{EED629E2-0828-3BFD-BB91-5FB0C2152B66} = {9BAF811F-60F5-34DD-966E-285AE8FDB58E}
	EndGlobalSection
	GlobalSection(ExtensibilityGlobals) = postSolution
		SolutionGuid = {BAAC22A0-43CC-3298-9772-62A36E13620A}
	EndGlobalSection
	GlobalSection(ExtensibilityAddIns) = postSolution
	EndGlobalSection
EndGlobal
