<?xml version="1.0" encoding="utf-8"?>
<Project ToolsVersion="16.0" xmlns="http://schemas.microsoft.com/developer/msbuild/2003">
  <ItemGroup>
    <ClCompile Include="C:\Users\Ivan\Repos\Final_Potter_13\project\main.cpp">
      <Filter>Source Files</Filter>
    </ClCompile>
    <ClCompile Include="C:\Users\Ivan\Repos\Final_Potter_13\project\fbo.cpp">
      <Filter>Source Files</Filter>
    </ClCompile>
    <ClCompile Include="C:\Users\Ivan\Repos\Final_Potter_13\project\hdr.cpp">
      <Filter>Source Files</Filter>
    </ClCompile>
    <ClCompile Include="C:\Users\Ivan\Repos\Final_Potter_13\project\heightfield.cpp">
      <Filter>Source Files</Filter>
    </ClCompile>
    <ClCompile Include="C:\Users\Ivan\Repos\Final_Potter_13\project\ParticleSystem.cpp">
      <Filter>Source Files</Filter>
    </ClCompile>
    <ClCompile Include="PerlingNoise.cpp">
      <Filter>Source Files</Filter>
    </ClCompile>
    <ClCompile Include="Noise.cpp" />
    <ClCompile Include="terrainGenerator.cpp" />
  </ItemGroup>
  <ItemGroup>
    <ClInclude Include="C:\Users\Ivan\Repos\Final_Potter_13\project\ParticleSystem.h">
      <Filter>Header Files</Filter>
    </ClInclude>
    <ClInclude Include="Noise.h" />
    <ClInclude Include="terrainGenerator.h" />
  </ItemGroup>
  <ItemGroup>
    <CustomBuild Include="C:\Users\Ivan\Repos\Final_Potter_13\project\CMakeLists.txt" />
  </ItemGroup>
  <ItemGroup>
    <None Include="C:\Users\Ivan\Repos\Final_Potter_13\project\background.frag">
      <Filter>Shaders</Filter>
    </None>
    <None Include="C:\Users\Ivan\Repos\Final_Potter_13\project\background.vert">
      <Filter>Shaders</Filter>
    </None>
    <None Include="C:\Users\Ivan\Repos\Final_Potter_13\project\heightfield.frag">
      <Filter>Shaders</Filter>
    </None>
    <None Include="C:\Users\Ivan\Repos\Final_Potter_13\project\heightfield.vert">
      <Filter>Shaders</Filter>
    </None>
    <None Include="C:\Users\Ivan\Repos\Final_Potter_13\project\particle.frag">
      <Filter>Shaders</Filter>
    </None>
    <None Include="C:\Users\Ivan\Repos\Final_Potter_13\project\particle.vert">
      <Filter>Shaders</Filter>
    </None>
    <None Include="C:\Users\Ivan\Repos\Final_Potter_13\project\shading.frag">
      <Filter>Shaders</Filter>
    </None>
    <None Include="C:\Users\Ivan\Repos\Final_Potter_13\project\shading.vert">
      <Filter>Shaders</Filter>
    </None>
    <None Include="C:\Users\Ivan\Repos\Final_Potter_13\project\simple.frag">
      <Filter>Shaders</Filter>
    </None>
    <None Include="C:\Users\Ivan\Repos\Final_Potter_13\project\simple.vert">
      <Filter>Shaders</Filter>
    </None>
    <None Include="C:\Users\Ivan\Repos\Final_Potter_13\project\ssaoInput.frag">
      <Filter>Shaders</Filter>
    </None>
    <None Include="C:\Users\Ivan\Repos\Final_Potter_13\project\ssaoInput.vert">
      <Filter>Shaders</Filter>
    </None>
    <None Include="C:\Users\Ivan\Repos\Final_Potter_13\project\ssaoOutput.frag">
      <Filter>Shaders</Filter>
    </None>
    <None Include="C:\Users\Ivan\Repos\Final_Potter_13\project\ssaoOutput.vert">
      <Filter>Shaders</Filter>
    </None>
  </ItemGroup>
  <ItemGroup>
    <Filter Include="Header Files">
      <UniqueIdentifier>{A5CB4EC6-3A2F-369C-9308-B3D6B66219BA}</UniqueIdentifier>
    </Filter>
    <Filter Include="Shaders">
      <UniqueIdentifier>{4929F7A9-5C84-3754-A27D-7F25BF05031C}</UniqueIdentifier>
    </Filter>
    <Filter Include="Source Files">
      <UniqueIdentifier>{CF0F4F44-FDB0-35F9-93B4-1F5D6ADC68B5}</UniqueIdentifier>
    </Filter>
  </ItemGroup>
</Project>