Microsoft Visual Studio Solution File, Format Version 12.00
# Visual Studio 16
Project("{2150E333-8FDC-42A3-9474-1A3956D46DE8}") = "CMakePredefinedTargets", "CMakePredefinedTargets", "{3410F7BB-B577-3253-8D5F-8F83B261D004}"
EndProject
Project("{2150E333-8FDC-42A3-9474-1A3956D46DE8}") = "external", "external", "{3F731450-77DB-35AB-84D3-941A304862A2}"
EndProject
Project("{8BC9CEB8-8B4A-11D0-8D11-00A0C91BC942}") = "ALL_BUILD", "ALL_BUILD.vcxproj", "{A31A9F75-3796-31C1-84B5-5B342BE2F0A5}"
	ProjectSection(ProjectDependencies) = postProject
		{B3C15218-B807-311B-8F5C-9361163D2F81} = {B3C15218-B807-311B-8F5C-9361163D2F81}
		{199DF890-9D0F-370B-8A3E-A02EAE7BEB31} = {199DF890-9D0F-370B-8A3E-A02EAE7BEB31}
	EndProjectSection
EndProject
Project("{8BC9CEB8-8B4A-11D0-8D11-00A0C91BC942}") = "ZERO_CHECK", "..\..\\ZERO_CHECK.vcxproj", "{B3C15218-B807-311B-8F5C-9361163D2F81}"
	ProjectSection(ProjectDependencies) = postProject
	EndProjectSection
EndProject
Project("{8BC9CEB8-8B4A-11D0-8D11-00A0C91BC942}") = "imgui", "imgui.vcxproj", "{199DF890-9D0F-370B-8A3E-A02EAE7BEB31}"
	ProjectSection(ProjectDependencies) = postProject
		{B3C15218-B807-311B-8F5C-9361163D2F81} = {B3C15218-B807-311B-8F5C-9361163D2F81}
	EndProjectSection
EndProject
Global
	GlobalSection(SolutionConfigurationPlatforms) = preSolution
		Debug|x64 = Debug|x64
		Release|x64 = Release|x64
		RelWithDebInfo|x64 = RelWithDebInfo|x64
	EndGlobalSection
	GlobalSection(ProjectConfigurationPlatforms) = postSolution
		{A31A9F75-3796-31C1-84B5-5B342BE2F0A5}.Debug|x64.ActiveCfg = Debug|x64
		{A31A9F75-3796-31C1-84B5-5B342BE2F0A5}.Release|x64.ActiveCfg = Release|x64
		{A31A9F75-3796-31C1-84B5-5B342BE2F0A5}.RelWithDebInfo|x64.ActiveCfg = RelWithDebInfo|x64
		{B3C15218-B807-311B-8F5C-9361163D2F81}.Debug|x64.ActiveCfg = Debug|x64
		{B3C15218-B807-311B-8F5C-9361163D2F81}.Debug|x64.Build.0 = Debug|x64
		{B3C15218-B807-311B-8F5C-9361163D2F81}.Release|x64.ActiveCfg = Release|x64
		{B3C15218-B807-311B-8F5C-9361163D2F81}.Release|x64.Build.0 = Release|x64
		{B3C15218-B807-311B-8F5C-9361163D2F81}.RelWithDebInfo|x64.ActiveCfg = RelWithDebInfo|x64
		{B3C15218-B807-311B-8F5C-9361163D2F81}.RelWithDebInfo|x64.Build.0 = RelWithDebInfo|x64
		{199DF890-9D0F-370B-8A3E-A02EAE7BEB31}.Debug|x64.ActiveCfg = Debug|x64
		{199DF890-9D0F-370B-8A3E-A02EAE7BEB31}.Debug|x64.Build.0 = Debug|x64
		{199DF890-9D0F-370B-8A3E-A02EAE7BEB31}.Release|x64.ActiveCfg = Release|x64
		{199DF890-9D0F-370B-8A3E-A02EAE7BEB31}.Release|x64.Build.0 = Release|x64
		{199DF890-9D0F-370B-8A3E-A02EAE7BEB31}.RelWithDebInfo|x64.ActiveCfg = RelWithDebInfo|x64
		{199DF890-9D0F-370B-8A3E-A02EAE7BEB31}.RelWithDebInfo|x64.Build.0 = RelWithDebInfo|x64
	EndGlobalSection
	GlobalSection(NestedProjects) = preSolution
		{A31A9F75-3796-31C1-84B5-5B342BE2F0A5} = {3410F7BB-B577-3253-8D5F-8F83B261D004}
		{B3C15218-B807-311B-8F5C-9361163D2F81} = {3410F7BB-B577-3253-8D5F-8F83B261D004}
		{199DF890-9D0F-370B-8A3E-A02EAE7BEB31} = {3F731450-77DB-35AB-84D3-941A304862A2}
	EndGlobalSection
	GlobalSection(ExtensibilityGlobals) = postSolution
		SolutionGuid = {B0AF95A0-2ABD-3E99-BCC2-EF426388C0C8}
	EndGlobalSection
	GlobalSection(ExtensibilityAddIns) = postSolution
	EndGlobalSection
EndGlobal
