<?xml version="1.0" encoding="utf-8"?>
<Project ToolsVersion="16.0" xmlns="http://schemas.microsoft.com/developer/msbuild/2003">
  <ItemGroup>
    <ClCompile Include="C:\Users\ricky\Documents\Chalmers\SP2\computer_graphics\Computer_Graphics_Project\pathtracer\main.cpp">
      <Filter>Source Files</Filter>
    </ClCompile>
    <ClCompile Include="C:\Users\ricky\Documents\Chalmers\SP2\computer_graphics\Computer_Graphics_Project\pathtracer\Pathtracer.cpp">
      <Filter>Source Files</Filter>
    </ClCompile>
    <ClCompile Include="C:\Users\ricky\Documents\Chalmers\SP2\computer_graphics\Computer_Graphics_Project\pathtracer\sampling.cpp">
      <Filter>Source Files</Filter>
    </ClCompile>
    <ClCompile Include="C:\Users\ricky\Documents\Chalmers\SP2\computer_graphics\Computer_Graphics_Project\pathtracer\HDRImage.cpp">
      <Filter>Source Files</Filter>
    </ClCompile>
    <ClCompile Include="C:\Users\ricky\Documents\Chalmers\SP2\computer_graphics\Computer_Graphics_Project\pathtracer\embree.cpp">
      <Filter>Source Files</Filter>
    </ClCompile>
    <ClCompile Include="C:\Users\ricky\Documents\Chalmers\SP2\computer_graphics\Computer_Graphics_Project\pathtracer\material.cpp">
      <Filter>Source Files</Filter>
    </ClCompile>
  </ItemGroup>
  <ItemGroup>
    <ClInclude Include="C:\Users\ricky\Documents\Chalmers\SP2\computer_graphics\Computer_Graphics_Project\pathtracer\Pathtracer.h">
      <Filter>Header Files</Filter>
    </ClInclude>
    <ClInclude Include="C:\Users\ricky\Documents\Chalmers\SP2\computer_graphics\Computer_Graphics_Project\pathtracer\sampling.h">
      <Filter>Header Files</Filter>
    </ClInclude>
    <ClInclude Include="C:\Users\ricky\Documents\Chalmers\SP2\computer_graphics\Computer_Graphics_Project\pathtracer\HDRImage.h">
      <Filter>Header Files</Filter>
    </ClInclude>
    <ClInclude Include="C:\Users\ricky\Documents\Chalmers\SP2\computer_graphics\Computer_Graphics_Project\pathtracer\embree.h">
      <Filter>Header Files</Filter>
    </ClInclude>
    <ClInclude Include="C:\Users\ricky\Documents\Chalmers\SP2\computer_graphics\Computer_Graphics_Project\pathtracer\material.h">
      <Filter>Header Files</Filter>
    </ClInclude>
  </ItemGroup>
  <ItemGroup>
    <CustomBuild Include="C:\Users\ricky\Documents\Chalmers\SP2\computer_graphics\Computer_Graphics_Project\pathtracer\CMakeLists.txt" />
  </ItemGroup>
  <ItemGroup>
    <None Include="C:\Users\ricky\Documents\Chalmers\SP2\computer_graphics\Computer_Graphics_Project\pathtracer\simple.frag">
      <Filter>Shaders</Filter>
    </None>
    <None Include="C:\Users\ricky\Documents\Chalmers\SP2\computer_graphics\Computer_Graphics_Project\pathtracer\simple.vert">
      <Filter>Shaders</Filter>
    </None>
  </ItemGroup>
  <ItemGroup>
    <Filter Include="Header Files">
      <UniqueIdentifier>{75BDE7E1-232B-374A-B98C-A2CFB2648335}</UniqueIdentifier>
    </Filter>
    <Filter Include="Shaders">
      <UniqueIdentifier>{A0B98F36-7F96-3826-BEFA-B3B299B279C4}</UniqueIdentifier>
    </Filter>
    <Filter Include="Source Files">
      <UniqueIdentifier>{EA9E8014-B879-36CC-AFDE-525544A1E6D5}</UniqueIdentifier>
    </Filter>
  </ItemGroup>
</Project>
